// !$*UTF8*$!
{
	archiveVersion = 1;
	classes = {
	};
	objectVersion = 55;
	objects = {

/* Begin PBXBuildFile section */
		4A11BE4127960139003EA9CF /* AppDelegate.swift in Sources */ = {isa = PBXBuildFile; fileRef = 4A11BE4027960139003EA9CF /* AppDelegate.swift */; };
		4A11BE4327960139003EA9CF /* SceneDelegate.swift in Sources */ = {isa = PBXBuildFile; fileRef = 4A11BE4227960139003EA9CF /* SceneDelegate.swift */; };
		4A11BE4527960139003EA9CF /* ViewController.swift in Sources */ = {isa = PBXBuildFile; fileRef = 4A11BE4427960139003EA9CF /* ViewController.swift */; };
		4A11BE4A27960150003EA9CF /* Assets.xcassets in Resources */ = {isa = PBXBuildFile; fileRef = 4A11BE4927960150003EA9CF /* Assets.xcassets */; };
		4A11BE4D27960150003EA9CF /* LaunchScreen.storyboard in Resources */ = {isa = PBXBuildFile; fileRef = 4A11BE4B27960150003EA9CF /* LaunchScreen.storyboard */; };
		4A11BE5727960724003EA9CF /* Data.swift in Sources */ = {isa = PBXBuildFile; fileRef = 4A11BE5627960724003EA9CF /* Data.swift */; };
		4A11BE5927960862003EA9CF /* DataLoader.swift in Sources */ = {isa = PBXBuildFile; fileRef = 4A11BE5827960862003EA9CF /* DataLoader.swift */; };
		4AC9FAB1279652C200902E1C /* AlbumCell.swift in Sources */ = {isa = PBXBuildFile; fileRef = 4AC9FAB0279652C200902E1C /* AlbumCell.swift */; };
		4AC9FAB327968E5B00902E1C /* DetailedViewController.swift in Sources */ = {isa = PBXBuildFile; fileRef = 4AC9FAB227968E5A00902E1C /* DetailedViewController.swift */; };
		4AC9FAB5279731BC00902E1C /* Extensions.swift in Sources */ = {isa = PBXBuildFile; fileRef = 4AC9FAB4279731BC00902E1C /* Extensions.swift */; };
/* End PBXBuildFile section */

/* Begin PBXFileReference section */
		4A11BE3D27960139003EA9CF /* TopAlbums.app */ = {isa = PBXFileReference; explicitFileType = wrapper.application; includeInIndex = 0; path = TopAlbums.app; sourceTree = BUILT_PRODUCTS_DIR; };
		4A11BE4027960139003EA9CF /* AppDelegate.swift */ = {isa = PBXFileReference; lastKnownFileType = sourcecode.swift; path = AppDelegate.swift; sourceTree = "<group>"; };
		4A11BE4227960139003EA9CF /* SceneDelegate.swift */ = {isa = PBXFileReference; lastKnownFileType = sourcecode.swift; path = SceneDelegate.swift; sourceTree = "<group>"; };
		4A11BE4427960139003EA9CF /* ViewController.swift */ = {isa = PBXFileReference; lastKnownFileType = sourcecode.swift; path = ViewController.swift; sourceTree = "<group>"; };
		4A11BE4927960150003EA9CF /* Assets.xcassets */ = {isa = PBXFileReference; lastKnownFileType = folder.assetcatalog; path = Assets.xcassets; sourceTree = "<group>"; };
		4A11BE4C27960150003EA9CF /* Base */ = {isa = PBXFileReference; lastKnownFileType = file.storyboard; name = Base; path = Base.lproj/LaunchScreen.storyboard; sourceTree = "<group>"; };
		4A11BE4E27960150003EA9CF /* Info.plist */ = {isa = PBXFileReference; lastKnownFileType = text.plist.xml; path = Info.plist; sourceTree = "<group>"; };
		4A11BE5627960724003EA9CF /* Data.swift */ = {isa = PBXFileReference; lastKnownFileType = sourcecode.swift; path = Data.swift; sourceTree = "<group>"; };
		4A11BE5827960862003EA9CF /* DataLoader.swift */ = {isa = PBXFileReference; lastKnownFileType = sourcecode.swift; path = DataLoader.swift; sourceTree = "<group>"; };
		4AC9FAB0279652C200902E1C /* AlbumCell.swift */ = {isa = PBXFileReference; lastKnownFileType = sourcecode.swift; path = AlbumCell.swift; sourceTree = "<group>"; };
		4AC9FAB227968E5A00902E1C /* DetailedViewController.swift */ = {isa = PBXFileReference; lastKnownFileType = sourcecode.swift; path = DetailedViewController.swift; sourceTree = "<group>"; };
		4AC9FAB4279731BC00902E1C /* Extensions.swift */ = {isa = PBXFileReference; lastKnownFileType = sourcecode.swift; path = Extensions.swift; sourceTree = "<group>"; };
/* End PBXFileReference section */

/* Begin PBXFrameworksBuildPhase section */
		4A11BE3A27960139003EA9CF /* Frameworks */ = {
			isa = PBXFrameworksBuildPhase;
			buildActionMask = 2147483647;
			files = (
			);
			runOnlyForDeploymentPostprocessing = 0;
		};
/* End PBXFrameworksBuildPhase section */

/* Begin PBXGroup section */
		4A11BE3427960139003EA9CF = {
			isa = PBXGroup;
			children = (
				4A11BE3F27960139003EA9CF /* TopAlbums */,
				4A11BE3E27960139003EA9CF /* Products */,
			);
			sourceTree = "<group>";
		};
		4A11BE3E27960139003EA9CF /* Products */ = {
			isa = PBXGroup;
			children = (
				4A11BE3D27960139003EA9CF /* TopAlbums.app */,
			);
			name = Products;
			sourceTree = "<group>";
		};
		4A11BE3F27960139003EA9CF /* TopAlbums */ = {
			isa = PBXGroup;
			children = (
				4A11BE4027960139003EA9CF /* AppDelegate.swift */,
				4A11BE4227960139003EA9CF /* SceneDelegate.swift */,
				4AC9FAB827974CD300902E1C /* Model */,
				4AC9FAB727974C8100902E1C /* Controller */,
				4AC9FAB627974C5B00902E1C /* View */,
				4A11BE5827960862003EA9CF /* DataLoader.swift */,
				4AC9FAB4279731BC00902E1C /* Extensions.swift */,
				4A11BE4927960150003EA9CF /* Assets.xcassets */,
				4A11BE4B27960150003EA9CF /* LaunchScreen.storyboard */,
				4A11BE4E27960150003EA9CF /* Info.plist */,
			);
			path = TopAlbums;
			sourceTree = "<group>";
		};
		4AC9FAB627974C5B00902E1C /* View */ = {
			isa = PBXGroup;
			children = (
				4AC9FAB0279652C200902E1C /* AlbumCell.swift */,
			);
			path = View;
			sourceTree = "<group>";
		};
		4AC9FAB727974C8100902E1C /* Controller */ = {
			isa = PBXGroup;
			children = (
				4A11BE4427960139003EA9CF /* ViewController.swift */,
				4AC9FAB227968E5A00902E1C /* DetailedViewController.swift */,
			);
			path = Controller;
			sourceTree = "<group>";
		};
		4AC9FAB827974CD300902E1C /* Model */ = {
			isa = PBXGroup;
			children = (
				4A11BE5627960724003EA9CF /* Data.swift */,
			);
			path = Model;
			sourceTree = "<group>";
		};
/* End PBXGroup section */

/* Begin PBXNativeTarget section */
		4A11BE3C27960139003EA9CF /* TopAlbums */ = {
			isa = PBXNativeTarget;
			buildConfigurationList = 4A11BE5127960151003EA9CF /* Build configuration list for PBXNativeTarget "TopAlbums" */;
			buildPhases = (
				4A11BE3927960139003EA9CF /* Sources */,
				4A11BE3A27960139003EA9CF /* Frameworks */,
				4A11BE3B27960139003EA9CF /* Resources */,
			);
			buildRules = (
			);
			dependencies = (
			);
			name = TopAlbums;
			productName = TopAlbums;
			productReference = 4A11BE3D27960139003EA9CF /* TopAlbums.app */;
			productType = "com.apple.product-type.application";
		};
/* End PBXNativeTarget section */

/* Begin PBXProject section */
		4A11BE3527960139003EA9CF /* Project object */ = {
			isa = PBXProject;
			attributes = {
				BuildIndependentTargetsInParallel = 1;
				LastSwiftUpdateCheck = 1320;
				LastUpgradeCheck = 1320;
				TargetAttributes = {
					4A11BE3C27960139003EA9CF = {
						CreatedOnToolsVersion = 13.2.1;
					};
				};
			};
			buildConfigurationList = 4A11BE3827960139003EA9CF /* Build configuration list for PBXProject "TopAlbums" */;
			compatibilityVersion = "Xcode 13.0";
			developmentRegion = en;
			hasScannedForEncodings = 0;
			knownRegions = (
				en,
				Base,
			);
			mainGroup = 4A11BE3427960139003EA9CF;
			productRefGroup = 4A11BE3E27960139003EA9CF /* Products */;
			projectDirPath = "";
			projectRoot = "";
			targets = (
				4A11BE3C27960139003EA9CF /* TopAlbums */,
			);
		};
/* End PBXProject section */

/* Begin PBXResourcesBuildPhase section */
		4A11BE3B27960139003EA9CF /* Resources */ = {
			isa = PBXResourcesBuildPhase;
			buildActionMask = 2147483647;
			files = (
				4A11BE4D27960150003EA9CF /* LaunchScreen.storyboard in Resources */,
				4A11BE4A27960150003EA9CF /* Assets.xcassets in Resources */,
			);
			runOnlyForDeploymentPostprocessing = 0;
		};
/* End PBXResourcesBuildPhase section */

/* Begin PBXSourcesBuildPhase section */
		4A11BE3927960139003EA9CF /* Sources */ = {
			isa = PBXSourcesBuildPhase;
			buildActionMask = 2147483647;
			files = (
				4AC9FAB327968E5B00902E1C /* DetailedViewController.swift in Sources */,
				4A11BE5927960862003EA9CF /* DataLoader.swift in Sources */,
				4A11BE4527960139003EA9CF /* ViewController.swift in Sources */,
				4AC9FAB5279731BC00902E1C /* Extensions.swift in Sources */,
				4A11BE4127960139003EA9CF /* AppDelegate.swift in Sources */,
				4A11BE4327960139003EA9CF /* SceneDelegate.swift in Sources */,
				4A11BE5727960724003EA9CF /* Data.swift in Sources */,
				4AC9FAB1279652C200902E1C /* AlbumCell.swift in Sources */,
			);
			runOnlyForDeploymentPostprocessing = 0;
		};
/* End PBXSourcesBuildPhase section */

/* Begin PBXVariantGroup section */
		4A11BE4B27960150003EA9CF /* LaunchScreen.storyboard */ = {
			isa = PBXVariantGroup;
			children = (
				4A11BE4C27960150003EA9CF /* Base */,
			);
			name = LaunchScreen.storyboard;
			sourceTree = "<group>";
		};
/* End PBXVariantGroup section */

/* Begin XCBuildConfiguration section */
		4A11BE4F27960150003EA9CF /* Debug */ = {
			isa = XCBuildConfiguration;
			buildSettings = {
				ALWAYS_SEARCH_USER_PATHS = NO;
				CLANG_ANALYZER_NONNULL = YES;
				CLANG_ANALYZER_NUMBER_OBJECT_CONVERSION = YES_AGGRESSIVE;
				CLANG_CXX_LANGUAGE_STANDARD = "gnu++17";
				CLANG_CXX_LIBRARY = "libc++";
				CLANG_ENABLE_MODULES = YES;
				CLANG_ENABLE_OBJC_ARC = YES;
				CLANG_ENABLE_OBJC_WEAK = YES;
				CLANG_WARN_BLOCK_CAPTURE_AUTORELEASING = YES;
				CLANG_WARN_BOOL_CONVERSION = YES;
				CLANG_WARN_COMMA = YES;
				CLANG_WARN_CONSTANT_CONVERSION = YES;
				CLANG_WARN_DEPRECATED_OBJC_IMPLEMENTATIONS = YES;
				CLANG_WARN_DIRECT_OBJC_ISA_USAGE = YES_ERROR;
				CLANG_WARN_DOCUMENTATION_COMMENTS = YES;
				CLANG_WARN_EMPTY_BODY = YES;
				CLANG_WARN_ENUM_CONVERSION = YES;
				CLANG_WARN_INFINITE_RECURSION = YES;
				CLANG_WARN_INT_CONVERSION = YES;
				CLANG_WARN_NON_LITERAL_NULL_CONVERSION = YES;
				CLANG_WARN_OBJC_IMPLICIT_RETAIN_SELF = YES;
				CLANG_WARN_OBJC_LITERAL_CONVERSION = YES;
				CLANG_WARN_OBJC_ROOT_CLASS = YES_ERROR;
				CLANG_WARN_QUOTED_INCLUDE_IN_FRAMEWORK_HEADER = YES;
				CLANG_WARN_RANGE_LOOP_ANALYSIS = YES;
				CLANG_WARN_STRICT_PROTOTYPES = YES;
				CLANG_WARN_SUSPICIOUS_MOVE = YES;
				CLANG_WARN_UNGUARDED_AVAILABILITY = YES_AGGRESSIVE;
				CLANG_WARN_UNREACHABLE_CODE = YES;
				CLANG_WARN__DUPLICATE_METHOD_MATCH = YES;
				COPY_PHASE_STRIP = NO;
				DEBUG_INFORMATION_FORMAT = dwarf;
				ENABLE_STRICT_OBJC_MSGSEND = YES;
				ENABLE_TESTABILITY = YES;
				GCC_C_LANGUAGE_STANDARD = gnu11;
				GCC_DYNAMIC_NO_PIC = NO;
				GCC_NO_COMMON_BLOCKS = YES;
				GCC_OPTIMIZATION_LEVEL = 0;
				GCC_PREPROCESSOR_DEFINITIONS = (
					"DEBUG=1",
					"$(inherited)",
				);
				GCC_WARN_64_TO_32_BIT_CONVERSION = YES;
				GCC_WARN_ABOUT_RETURN_TYPE = YES_ERROR;
				GCC_WARN_UNDECLARED_SELECTOR = YES;
				GCC_WARN_UNINITIALIZED_AUTOS = YES_AGGRESSIVE;
				GCC_WARN_UNUSED_FUNCTION = YES;
				GCC_WARN_UNUSED_VARIABLE = YES;
				IPHONEOS_DEPLOYMENT_TARGET = 15.2;
				MTL_ENABLE_DEBUG_INFO = INCLUDE_SOURCE;
				MTL_FAST_MATH = YES;
				ONLY_ACTIVE_ARCH = YES;
				SDKROOT = iphoneos;
				SWIFT_ACTIVE_COMPILATION_CONDITIONS = DEBUG;
				SWIFT_OPTIMIZATION_LEVEL = "-Onone";
			};
			name = Debug;
		};
		4A11BE5027960151003EA9CF /* Release */ = {
			isa = XCBuildConfiguration;
			buildSettings = {
				ALWAYS_SEARCH_USER_PATHS = NO;
				CLANG_ANALYZER_NONNULL = YES;
				CLANG_ANALYZER_NUMBER_OBJECT_CONVERSION = YES_AGGRESSIVE;
				CLANG_CXX_LANGUAGE_STANDARD = "gnu++17";
				CLANG_CXX_LIBRARY = "libc++";
				CLANG_ENABLE_MODULES = YES;
				CLANG_ENABLE_OBJC_ARC = YES;
				CLANG_ENABLE_OBJC_WEAK = YES;
				CLANG_WARN_BLOCK_CAPTURE_AUTORELEASING = YES;
				CLANG_WARN_BOOL_CONVERSION = YES;
				CLANG_WARN_COMMA = YES;
				CLANG_WARN_CONSTANT_CONVERSION = YES;
				CLANG_WARN_DEPRECATED_OBJC_IMPLEMENTATIONS = YES;
				CLANG_WARN_DIRECT_OBJC_ISA_USAGE = YES_ERROR;
				CLANG_WARN_DOCUMENTATION_COMMENTS = YES;
				CLANG_WARN_EMPTY_BODY = YES;
				CLANG_WARN_ENUM_CONVERSION = YES;
				CLANG_WARN_INFINITE_RECURSION = YES;
				CLANG_WARN_INT_CONVERSION = YES;
				CLANG_WARN_NON_LITERAL_NULL_CONVERSION = YES;
				CLANG_WARN_OBJC_IMPLICIT_RETAIN_SELF = YES;
				CLANG_WARN_OBJC_LITERAL_CONVERSION = YES;
				CLANG_WARN_OBJC_ROOT_CLASS = YES_ERROR;
				CLANG_WARN_QUOTED_INCLUDE_IN_FRAMEWORK_HEADER = YES;
				CLANG_WARN_RANGE_LOOP_ANALYSIS = YES;
				CLANG_WARN_STRICT_PROTOTYPES = YES;
				CLANG_WARN_SUSPICIOUS_MOVE = YES;
				CLANG_WARN_UNGUARDED_AVAILABILITY = YES_AGGRESSIVE;
				CLANG_WARN_UNREACHABLE_CODE = YES;
				CLANG_WARN__DUPLICATE_METHOD_MATCH = YES;
				COPY_PHASE_STRIP = NO;
				DEBUG_INFORMATION_FORMAT = "dwarf-with-dsym";
				ENABLE_NS_ASSERTIONS = NO;
				ENABLE_STRICT_OBJC_MSGSEND = YES;
				GCC_C_LANGUAGE_STANDARD = gnu11;
				GCC_NO_COMMON_BLOCKS = YES;
				GCC_WARN_64_TO_32_BIT_CONVERSION = YES;
				GCC_WARN_ABOUT_RETURN_TYPE = YES_ERROR;
				GCC_WARN_UNDECLARED_SELECTOR = YES;
				GCC_WARN_UNINITIALIZED_AUTOS = YES_AGGRESSIVE;
				GCC_WARN_UNUSED_FUNCTION = YES;
				GCC_WARN_UNUSED_VARIABLE = YES;
				IPHONEOS_DEPLOYMENT_TARGET = 15.2;
				MTL_ENABLE_DEBUG_INFO = NO;
				MTL_FAST_MATH = YES;
				SDKROOT = iphoneos;
				SWIFT_COMPILATION_MODE = wholemodule;
				SWIFT_OPTIMIZATION_LEVEL = "-O";
				VALIDATE_PRODUCT = YES;
			};
			name = Release;
		};
		4A11BE5227960151003EA9CF /* Debug */ = {
			isa = XCBuildConfiguration;
			buildSettings = {
				ASSETCATALOG_COMPILER_APPICON_NAME = AppIcon;
				ASSETCATALOG_COMPILER_GLOBAL_ACCENT_COLOR_NAME = AccentColor;
				CODE_SIGN_STYLE = Automatic;
				CURRENT_PROJECT_VERSION = 1;
				DEVELOPMENT_TEAM = KG94DZ4NHZ;
				GENERATE_INFOPLIST_FILE = YES;
				INFOPLIST_FILE = TopAlbums/Info.plist;
				INFOPLIST_KEY_UIApplicationSupportsIndirectInputEvents = YES;
				INFOPLIST_KEY_UILaunchStoryboardName = LaunchScreen;
				INFOPLIST_KEY_UIRequiresFullScreen = NO;
				INFOPLIST_KEY_UISupportedInterfaceOrientations = UIInterfaceOrientationPortrait;
				INFOPLIST_KEY_UISupportedInterfaceOrientations_iPad = UIInterfaceOrientationPortraitUpsideDown;
				INFOPLIST_KEY_UISupportedInterfaceOrientations_iPhone = UIInterfaceOrientationPortrait;
				LD_RUNPATH_SEARCH_PATHS = (
					"$(inherited)",
					"@executable_path/Frameworks",
				);
				MARKETING_VERSION = 1.0;
				PRODUCT_BUNDLE_IDENTIFIER = com.miladin.TopAlbums;
				PRODUCT_NAME = "$(TARGET_NAME)";
				SWIFT_EMIT_LOC_STRINGS = YES;
				SWIFT_VERSION = 5.0;
				TARGETED_DEVICE_FAMILY = 1;
			};
			name = Debug;
		};
		4A11BE5327960151003EA9CF /* Release */ = {
			isa = XCBuildConfiguration;
			buildSettings = {
				ASSETCATALOG_COMPILER_APPICON_NAME = AppIcon;
				ASSETCATALOG_COMPILER_GLOBAL_ACCENT_COLOR_NAME = AccentColor;
				CODE_SIGN_STYLE = Automatic;
				CURRENT_PROJECT_VERSION = 1;
				DEVELOPMENT_TEAM = KG94DZ4NHZ;
				GENERATE_INFOPLIST_FILE = YES;
				INFOPLIST_FILE = TopAlbums/Info.plist;
				INFOPLIST_KEY_UIApplicationSupportsIndirectInputEvents = YES;
				INFOPLIST_KEY_UILaunchStoryboardName = LaunchScreen;
				INFOPLIST_KEY_UIRequiresFullScreen = NO;
				INFOPLIST_KEY_UISupportedInterfaceOrientations = UIInterfaceOrientationPortrait;
				INFOPLIST_KEY_UISupportedInterfaceOrientations_iPad = UIInterfaceOrientationPortraitUpsideDown;
				INFOPLIST_KEY_UISupportedInterfaceOrientations_iPhone = UIInterfaceOrientationPortrait;
				LD_RUNPATH_SEARCH_PATHS = (
					"$(inherited)",
					"@executable_path/Frameworks",
				);
				MARKETING_VERSION = 1.0;
				PRODUCT_BUNDLE_IDENTIFIER = com.miladin.TopAlbums;
				PRODUCT_NAME = "$(TARGET_NAME)";
				SWIFT_EMIT_LOC_STRINGS = YES;
				SWIFT_VERSION = 5.0;
				TARGETED_DEVICE_FAMILY = 1;
			};
			name = Release;
		};
/* End XCBuildConfiguration section */

/* Begin XCConfigurationList section */
		4A11BE3827960139003EA9CF /* Build configuration list for PBXProject "TopAlbums" */ = {
			isa = XCConfigurationList;
			buildConfigurations = (
				4A11BE4F27960150003EA9CF /* Debug */,
				4A11BE5027960151003EA9CF /* Release */,
			);
			defaultConfigurationIsVisible = 0;
			defaultConfigurationName = Release;
		};
		4A11BE5127960151003EA9CF /* Build configuration list for PBXNativeTarget "TopAlbums" */ = {
			isa = XCConfigurationList;
			buildConfigurations = (
				4A11BE5227960151003EA9CF /* Debug */,
				4A11BE5327960151003EA9CF /* Release */,
			);
			defaultConfigurationIsVisible = 0;
			defaultConfigurationName = Release;
		};
/* End XCConfigurationList section */
	};
	rootObject = 4A11BE3527960139003EA9CF /* Project object */;
}
